# @generated by Move, please check-in and do not edit manually.

[move]
version = 3
manifest_digest = "0204FBBBB1F818C027F5F81D4F395049109C1E8F99E31A245B9E3BE6F8A33383"
deps_digest = "F8BBB0CCB2491CA29A3DF03D6F92277A4F3574266507ACD77214D37ECA3F3082"
dependencies = [
  { id = "Sui", name = "Sui" },
]

[[move.package]]
id = "MoveStdlib"
source = { git = "https://github.com/MystenLabs/sui.git", rev = "framework/testnet", subdir = "crates\\sui-framework\\packages\\move-stdlib" }

[[move.package]]
id = "Sui"
source = { git = "https://github.com/MystenLabs/sui.git", rev = "framework/testnet", subdir = "crates/sui-framework/packages/sui-framework" }

dependencies = [
  { id = "MoveStdlib", name = "MoveStdlib" },
]

[move.toolchain-version]
compiler-version = "1.58.1"
edition = "2024.beta"
flavor = "sui"

[env]

[env.testnet]
chain-id = "4c78adac"
original-published-id = "0xc2ff2e9e5f4c19782136b477b1a86bd0f3880cfa1562b49a91bd92da9f1862fc"
latest-published-id = "0xc2ff2e9e5f4c19782136b477b1a86bd0f3880cfa1562b49a91bd92da9f1862fc"
published-version = "1"
